// !$*UTF8*$!
{
	archiveVersion = 1;
	classes = {
	};
	objectVersion = 48;
	objects = {

/* Begin PBXBuildFile section */
		7C7B2FB520DBB37000A2E66F /* AppDelegate.swift in Sources */ = {isa = PBXBuildFile; fileRef = 7C7B2FB420DBB37000A2E66F /* AppDelegate.swift */; };
		7C7B2FBA20DBB37000A2E66F /* Main.storyboard in Resources */ = {isa = PBXBuildFile; fileRef = 7C7B2FB820DBB37000A2E66F /* Main.storyboard */; };
		7C7B2FBC20DBB37000A2E66F /* Assets.xcassets in Resources */ = {isa = PBXBuildFile; fileRef = 7C7B2FBB20DBB37000A2E66F /* Assets.xcassets */; };
		7C7B2FBF20DBB37000A2E66F /* LaunchScreen.storyboard in Resources */ = {isa = PBXBuildFile; fileRef = 7C7B2FBD20DBB37000A2E66F /* LaunchScreen.storyboard */; };
		7C7B2FC720DBB3F800A2E66F /* MyTableViewController.swift in Sources */ = {isa = PBXBuildFile; fileRef = 7C7B2FC620DBB3F800A2E66F /* MyTableViewController.swift */; };
		7C7B2FC920DBB40E00A2E66F /* MyTableViewCell.swift in Sources */ = {isa = PBXBuildFile; fileRef = 7C7B2FC820DBB40E00A2E66F /* MyTableViewCell.swift */; };
		7C7B2FCB20DBB7D400A2E66F /* MapViewController.swift in Sources */ = {isa = PBXBuildFile; fileRef = 7C7B2FCA20DBB7D400A2E66F /* MapViewController.swift */; };
		7C7B2FCE20DBB96300A2E66F /* MapKit.framework in Frameworks */ = {isa = PBXBuildFile; fileRef = 7C7B2FCD20DBB96300A2E66F /* MapKit.framework */; };
		7C7B2FD020DBBBEB00A2E66F /* TotalViewController.swift in Sources */ = {isa = PBXBuildFile; fileRef = 7C7B2FCF20DBBBEB00A2E66F /* TotalViewController.swift */; };
/* End PBXBuildFile section */

/* Begin PBXFileReference section */
		7C7B2FB120DBB37000A2E66F /* test03.app */ = {isa = PBXFileReference; explicitFileType = wrapper.application; includeInIndex = 0; path = test03.app; sourceTree = BUILT_PRODUCTS_DIR; };
		7C7B2FB420DBB37000A2E66F /* AppDelegate.swift */ = {isa = PBXFileReference; lastKnownFileType = sourcecode.swift; path = AppDelegate.swift; sourceTree = "<group>"; };
		7C7B2FB920DBB37000A2E66F /* Base */ = {isa = PBXFileReference; lastKnownFileType = file.storyboard; name = Base; path = Base.lproj/Main.storyboard; sourceTree = "<group>"; };
		7C7B2FBB20DBB37000A2E66F /* Assets.xcassets */ = {isa = PBXFileReference; lastKnownFileType = folder.assetcatalog; path = Assets.xcassets; sourceTree = "<group>"; };
		7C7B2FBE20DBB37000A2E66F /* Base */ = {isa = PBXFileReference; lastKnownFileType = file.storyboard; name = Base; path = Base.lproj/LaunchScreen.storyboard; sourceTree = "<group>"; };
		7C7B2FC020DBB37000A2E66F /* Info.plist */ = {isa = PBXFileReference; lastKnownFileType = text.plist.xml; path = Info.plist; sourceTree = "<group>"; };
		7C7B2FC620DBB3F800A2E66F /* MyTableViewController.swift */ = {isa = PBXFileReference; lastKnownFileType = sourcecode.swift; path = MyTableViewController.swift; sourceTree = "<group>"; };
		7C7B2FC820DBB40E00A2E66F /* MyTableViewCell.swift */ = {isa = PBXFileReference; lastKnownFileType = sourcecode.swift; path = MyTableViewCell.swift; sourceTree = "<group>"; };
		7C7B2FCA20DBB7D400A2E66F /* MapViewController.swift */ = {isa = PBXFileReference; lastKnownFileType = sourcecode.swift; path = MapViewController.swift; sourceTree = "<group>"; };
		7C7B2FCD20DBB96300A2E66F /* MapKit.framework */ = {isa = PBXFileReference; lastKnownFileType = wrapper.framework; name = MapKit.framework; path = System/Library/Frameworks/MapKit.framework; sourceTree = SDKROOT; };
		7C7B2FCF20DBBBEB00A2E66F /* TotalViewController.swift */ = {isa = PBXFileReference; lastKnownFileType = sourcecode.swift; path = TotalViewController.swift; sourceTree = "<group>"; };
/* End PBXFileReference section */

/* Begin PBXFrameworksBuildPhase section */
		7C7B2FAE20DBB37000A2E66F /* Frameworks */ = {
			isa = PBXFrameworksBuildPhase;
			buildActionMask = 2147483647;
			files = (
				7C7B2FCE20DBB96300A2E66F /* MapKit.framework in Frameworks */,
			);
			runOnlyForDeploymentPostprocessing = 0;
		};
/* End PBXFrameworksBuildPhase section */

/* Begin PBXGroup section */
		7C7B2FA820DBB37000A2E66F = {
			isa = PBXGroup;
			children = (
				7C7B2FB320DBB37000A2E66F /* test03 */,
				7C7B2FB220DBB37000A2E66F /* Products */,
				7C7B2FCC20DBB96200A2E66F /* Frameworks */,
			);
			sourceTree = "<group>";
		};
		7C7B2FB220DBB37000A2E66F /* Products */ = {
			isa = PBXGroup;
			children = (
				7C7B2FB120DBB37000A2E66F /* test03.app */,
			);
			name = Products;
			sourceTree = "<group>";
		};
		7C7B2FB320DBB37000A2E66F /* test03 */ = {
			isa = PBXGroup;
			children = (
				7C7B2FB420DBB37000A2E66F /* AppDelegate.swift */,
				7C7B2FB820DBB37000A2E66F /* Main.storyboard */,
				7C7B2FBB20DBB37000A2E66F /* Assets.xcassets */,
				7C7B2FBD20DBB37000A2E66F /* LaunchScreen.storyboard */,
				7C7B2FC020DBB37000A2E66F /* Info.plist */,
				7C7B2FC620DBB3F800A2E66F /* MyTableViewController.swift */,
				7C7B2FC820DBB40E00A2E66F /* MyTableViewCell.swift */,
				7C7B2FCA20DBB7D400A2E66F /* MapViewController.swift */,
				7C7B2FCF20DBBBEB00A2E66F /* TotalViewController.swift */,
			);
			path = test03;
			sourceTree = "<group>";
		};
		7C7B2FCC20DBB96200A2E66F /* Frameworks */ = {
			isa = PBXGroup;
			children = (
				7C7B2FCD20DBB96300A2E66F /* MapKit.framework */,
			);
			name = Frameworks;
			sourceTree = "<group>";
		};
/* End PBXGroup section */

/* Begin PBXNativeTarget section */
		7C7B2FB020DBB37000A2E66F /* test03 */ = {
			isa = PBXNativeTarget;
			buildConfigurationList = 7C7B2FC320DBB37000A2E66F /* Build configuration list for PBXNativeTarget "test03" */;
			buildPhases = (
				7C7B2FAD20DBB37000A2E66F /* Sources */,
				7C7B2FAE20DBB37000A2E66F /* Frameworks */,
				7C7B2FAF20DBB37000A2E66F /* Resources */,
			);
			buildRules = (
			);
			dependencies = (
			);
			name = test03;
			productName = test03;
			productReference = 7C7B2FB120DBB37000A2E66F /* test03.app */;
			productType = "com.apple.product-type.application";
		};
/* End PBXNativeTarget section */

/* Begin PBXProject section */
		7C7B2FA920DBB37000A2E66F /* Project object */ = {
			isa = PBXProject;
			attributes = {
				LastSwiftUpdateCheck = 0920;
				LastUpgradeCheck = 0920;
				ORGANIZATIONNAME = D7703_03;
				TargetAttributes = {
					7C7B2FB020DBB37000A2E66F = {
						CreatedOnToolsVersion = 9.2;
						ProvisioningStyle = Automatic;
					};
				};
			};
			buildConfigurationList = 7C7B2FAC20DBB37000A2E66F /* Build configuration list for PBXProject "test03" */;
			compatibilityVersion = "Xcode 8.0";
			developmentRegion = en;
			hasScannedForEncodings = 0;
			knownRegions = (
				en,
				Base,
			);
			mainGroup = 7C7B2FA820DBB37000A2E66F;
			productRefGroup = 7C7B2FB220DBB37000A2E66F /* Products */;
			projectDirPath = "";
			projectRoot = "";
			targets = (
				7C7B2FB020DBB37000A2E66F /* test03 */,
			);
		};
/* End PBXProject section */

/* Begin PBXResourcesBuildPhase section */
		7C7B2FAF20DBB37000A2E66F /* Resources */ = {
			isa = PBXResourcesBuildPhase;
			buildActionMask = 2147483647;
			files = (
				7C7B2FBF20DBB37000A2E66F /* LaunchScreen.storyboard in Resources */,
				7C7B2FBC20DBB37000A2E66F /* Assets.xcassets in Resources */,
				7C7B2FBA20DBB37000A2E66F /* Main.storyboard in Resources */,
			);
			runOnlyForDeploymentPostprocessing = 0;
		};
/* End PBXResourcesBuildPhase section */

/* Begin PBXSourcesBuildPhase section */
		7C7B2FAD20DBB37000A2E66F /* Sources */ = {
			isa = PBXSourcesBuildPhase;
			buildActionMask = 2147483647;
			files = (
				7C7B2FB520DBB37000A2E66F /* AppDelegate.swift in Sources */,
				7C7B2FC720DBB3F800A2E66F /* MyTableViewController.swift in Sources */,
				7C7B2FC920DBB40E00A2E66F /* MyTableViewCell.swift in Sources */,
				7C7B2FD020DBBBEB00A2E66F /* TotalViewController.swift in Sources */,
				7C7B2FCB20DBB7D400A2E66F /* MapViewController.swift in Sources */,
			);
			runOnlyForDeploymentPostprocessing = 0;
		};
/* End PBXSourcesBuildPhase section */

/* Begin PBXVariantGroup section */
		7C7B2FB820DBB37000A2E66F /* Main.storyboard */ = {
			isa = PBXVariantGroup;
			children = (
				7C7B2FB920DBB37000A2E66F /* Base */,
			);
			name = Main.storyboard;
			sourceTree = "<group>";
		};
		7C7B2FBD20DBB37000A2E66F /* LaunchScreen.storyboard */ = {
			isa = PBXVariantGroup;
			children = (
				7C7B2FBE20DBB37000A2E66F /* Base */,
			);
			name = LaunchScreen.storyboard;
			sourceTree = "<group>";
		};
/* End PBXVariantGroup section */

/* Begin XCBuildConfiguration section */
		7C7B2FC120DBB37000A2E66F /* Debug */ = {
			isa = XCBuildConfiguration;
			buildSettings = {
				ALWAYS_SEARCH_USER_PATHS = NO;
				CLANG_ANALYZER_NONNULL = YES;
				CLANG_ANALYZER_NUMBER_OBJECT_CONVERSION = YES_AGGRESSIVE;
				CLANG_CXX_LANGUAGE_STANDARD = "gnu++14";
				CLANG_CXX_LIBRARY = "libc++";
				CLANG_ENABLE_MODULES = YES;
				CLANG_ENABLE_OBJC_ARC = YES;
				CLANG_WARN_BLOCK_CAPTURE_AUTORELEASING = YES;
				CLANG_WARN_BOOL_CONVERSION = YES;
				CLANG_WARN_COMMA = YES;
				CLANG_WARN_CONSTANT_CONVERSION = YES;
				CLANG_WARN_DIRECT_OBJC_ISA_USAGE = YES_ERROR;
				CLANG_WARN_DOCUMENTATION_COMMENTS = YES;
				CLANG_WARN_EMPTY_BODY = YES;
				CLANG_WARN_ENUM_CONVERSION = YES;
				CLANG_WARN_INFINITE_RECURSION = YES;
				CLANG_WARN_INT_CONVERSION = YES;
				CLANG_WARN_NON_LITERAL_NULL_CONVERSION = YES;
				CLANG_WARN_OBJC_LITERAL_CONVERSION = YES;
				CLANG_WARN_OBJC_ROOT_CLASS = YES_ERROR;
				CLANG_WARN_RANGE_LOOP_ANALYSIS = YES;
				CLANG_WARN_STRICT_PROTOTYPES = YES;
				CLANG_WARN_SUSPICIOUS_MOVE = YES;
				CLANG_WARN_UNGUARDED_AVAILABILITY = YES_AGGRESSIVE;
				CLANG_WARN_UNREACHABLE_CODE = YES;
				CLANG_WARN__DUPLICATE_METHOD_MATCH = YES;
				CODE_SIGN_IDENTITY = "iPhone Developer";
				COPY_PHASE_STRIP = NO;
				DEBUG_INFORMATION_FORMAT = dwarf;
				ENABLE_STRICT_OBJC_MSGSEND = YES;
				ENABLE_TESTABILITY = YES;
				GCC_C_LANGUAGE_STANDARD = gnu11;
				GCC_DYNAMIC_NO_PIC = NO;
				GCC_NO_COMMON_BLOCKS = YES;
				GCC_OPTIMIZATION_LEVEL = 0;
				GCC_PREPROCESSOR_DEFINITIONS = (
					"DEBUG=1",
					"$(inherited)",
				);
				GCC_WARN_64_TO_32_BIT_CONVERSION = YES;
				GCC_WARN_ABOUT_RETURN_TYPE = YES_ERROR;
				GCC_WARN_UNDECLARED_SELECTOR = YES;
				GCC_WARN_UNINITIALIZED_AUTOS = YES_AGGRESSIVE;
				GCC_WARN_UNUSED_FUNCTION = YES;
				GCC_WARN_UNUSED_VARIABLE = YES;
				IPHONEOS_DEPLOYMENT_TARGET = 11.2;
				MTL_ENABLE_DEBUG_INFO = YES;
				ONLY_ACTIVE_ARCH = YES;
				SDKROOT = iphoneos;
				SWIFT_ACTIVE_COMPILATION_CONDITIONS = DEBUG;
				SWIFT_OPTIMIZATION_LEVEL = "-Onone";
			};
			name = Debug;
		};
		7C7B2FC220DBB37000A2E66F /* Release */ = {
			isa = XCBuildConfiguration;
			buildSettings = {
				ALWAYS_SEARCH_USER_PATHS = NO;
				CLANG_ANALYZER_NONNULL = YES;
				CLANG_ANALYZER_NUMBER_OBJECT_CONVERSION = YES_AGGRESSIVE;
				CLANG_CXX_LANGUAGE_STANDARD = "gnu++14";
				CLANG_CXX_LIBRARY = "libc++";
				CLANG_ENABLE_MODULES = YES;
				CLANG_ENABLE_OBJC_ARC = YES;
				CLANG_WARN_BLOCK_CAPTURE_AUTORELEASING = YES;
				CLANG_WARN_BOOL_CONVERSION = YES;
				CLANG_WARN_COMMA = YES;
				CLANG_WARN_CONSTANT_CONVERSION = YES;
				CLANG_WARN_DIRECT_OBJC_ISA_USAGE = YES_ERROR;
				CLANG_WARN_DOCUMENTATION_COMMENTS = YES;
				CLANG_WARN_EMPTY_BODY = YES;
				CLANG_WARN_ENUM_CONVERSION = YES;
				CLANG_WARN_INFINITE_RECURSION = YES;
				CLANG_WARN_INT_CONVERSION = YES;
				CLANG_WARN_NON_LITERAL_NULL_CONVERSION = YES;
				CLANG_WARN_OBJC_LITERAL_CONVERSION = YES;
				CLANG_WARN_OBJC_ROOT_CLASS = YES_ERROR;
				CLANG_WARN_RANGE_LOOP_ANALYSIS = YES;
				CLANG_WARN_STRICT_PROTOTYPES = YES;
				CLANG_WARN_SUSPICIOUS_MOVE = YES;
				CLANG_WARN_UNGUARDED_AVAILABILITY = YES_AGGRESSIVE;
				CLANG_WARN_UNREACHABLE_CODE = YES;
				CLANG_WARN__DUPLICATE_METHOD_MATCH = YES;
				CODE_SIGN_IDENTITY = "iPhone Developer";
				COPY_PHASE_STRIP = NO;
				DEBUG_INFORMATION_FORMAT = "dwarf-with-dsym";
				ENABLE_NS_ASSERTIONS = NO;
				ENABLE_STRICT_OBJC_MSGSEND = YES;
				GCC_C_LANGUAGE_STANDARD = gnu11;
				GCC_NO_COMMON_BLOCKS = YES;
				GCC_WARN_64_TO_32_BIT_CONVERSION = YES;
				GCC_WARN_ABOUT_RETURN_TYPE = YES_ERROR;
				GCC_WARN_UNDECLARED_SELECTOR = YES;
				GCC_WARN_UNINITIALIZED_AUTOS = YES_AGGRESSIVE;
				GCC_WARN_UNUSED_FUNCTION = YES;
				GCC_WARN_UNUSED_VARIABLE = YES;
				IPHONEOS_DEPLOYMENT_TARGET = 11.2;
				MTL_ENABLE_DEBUG_INFO = NO;
				SDKROOT = iphoneos;
				SWIFT_OPTIMIZATION_LEVEL = "-Owholemodule";
				VALIDATE_PRODUCT = YES;
			};
			name = Release;
		};
		7C7B2FC420DBB37000A2E66F /* Debug */ = {
			isa = XCBuildConfiguration;
			buildSettings = {
				ASSETCATALOG_COMPILER_APPICON_NAME = AppIcon;
				CODE_SIGN_STYLE = Automatic;
				INFOPLIST_FILE = test03/Info.plist;
				LD_RUNPATH_SEARCH_PATHS = "$(inherited) @executable_path/Frameworks";
				PRODUCT_BUNDLE_IDENTIFIER = "-.test03";
				PRODUCT_NAME = "$(TARGET_NAME)";
				SWIFT_VERSION = 4.0;
				TARGETED_DEVICE_FAMILY = "1,2";
			};
			name = Debug;
		};
		7C7B2FC520DBB37000A2E66F /* Release */ = {
			isa = XCBuildConfiguration;
			buildSettings = {
				ASSETCATALOG_COMPILER_APPICON_NAME = AppIcon;
				CODE_SIGN_STYLE = Automatic;
				INFOPLIST_FILE = test03/Info.plist;
				LD_RUNPATH_SEARCH_PATHS = "$(inherited) @executable_path/Frameworks";
				PRODUCT_BUNDLE_IDENTIFIER = "-.test03";
				PRODUCT_NAME = "$(TARGET_NAME)";
				SWIFT_VERSION = 4.0;
				TARGETED_DEVICE_FAMILY = "1,2";
			};
			name = Release;
		};
/* End XCBuildConfiguration section */

/* Begin XCConfigurationList section */
		7C7B2FAC20DBB37000A2E66F /* Build configuration list for PBXProject "test03" */ = {
			isa = XCConfigurationList;
			buildConfigurations = (
				7C7B2FC120DBB37000A2E66F /* Debug */,
				7C7B2FC220DBB37000A2E66F /* Release */,
			);
			defaultConfigurationIsVisible = 0;
			defaultConfigurationName = Release;
		};
		7C7B2FC320DBB37000A2E66F /* Build configuration list for PBXNativeTarget "test03" */ = {
			isa = XCConfigurationList;
			buildConfigurations = (
				7C7B2FC420DBB37000A2E66F /* Debug */,
				7C7B2FC520DBB37000A2E66F /* Release */,
			);
			defaultConfigurationIsVisible = 0;
			defaultConfigurationName = Release;
		};
/* End XCConfigurationList section */
	};
	rootObject = 7C7B2FA920DBB37000A2E66F /* Project object */;
}
